
Microsoft Visual Studio Solution File, Format Version 12.00
# Visual Studio Version 16
VisualStudioVersion = 16.0.30621.155
MinimumVisualStudioVersion = 10.0.40219.1
Project("{FAE04EC0-301F-11D3-BF4B-00C04F79EFBC}") = "TravelAgency", "TravelAgency\TravelAgency.csproj", "{A3A10079-983B-4340-B4D8-D95B6A709E9D}"
EndProject
Global
	GlobalSection(SolutionConfigurationPlatforms) = preSolution
		Debug|Any CPU = Debug|Any CPU
		Release|Any CPU = Release|Any CPU
	EndGlobalSection
	GlobalSection(ProjectConfigurationPlatforms) = postSolution
		{A3A10079-983B-4340-B4D8-D95B6A709E9D}.Debug|Any CPU.ActiveCfg = Debug|Any CPU
		{A3A10079-983B-4340-B4D8-D95B6A709E9D}.Debug|Any CPU.Build.0 = Debug|Any CPU
		{A3A10079-983B-4340-B4D8-D95B6A709E9D}.Release|Any CPU.ActiveCfg = Release|Any CPU
		{A3A10079-983B-4340-B4D8-D95B6A709E9D}.Release|Any CPU.Build.0 = Release|Any CPU
	EndGlobalSection
	GlobalSection(SolutionProperties) = preSolution
		HideSolutionNode = FALSE
	EndGlobalSection
	GlobalSection(ExtensibilityGlobals) = postSolution
		SolutionGuid = {AA096DFE-E77E-4E2A-939D-24E7E414D264}
	EndGlobalSection
EndGlobal
